
Microsoft Visual Studio Solution File, Format Version 12.00
# Visual Studio 15
VisualStudioVersion = 15.0.27703.2026
MinimumVisualStudioVersion = 10.0.40219.1
Project("{FAE04EC0-301F-11D3-BF4B-00C04F79EFBC}") = "PracticaArea", "PracticaArea\PracticaArea.csproj", "{6463EC64-F4A7-451B-86BC-FE00A8CAD882}"
EndProject
Global
	GlobalSection(SolutionConfigurationPlatforms) = preSolution
		Debug|Any CPU = Debug|Any CPU
		Release|Any CPU = Release|Any CPU
	EndGlobalSection
	GlobalSection(ProjectConfigurationPlatforms) = postSolution
		{6463EC64-F4A7-451B-86BC-FE00A8CAD882}.Debug|Any CPU.ActiveCfg = Debug|Any CPU
		{6463EC64-F4A7-451B-86BC-FE00A8CAD882}.Debug|Any CPU.Build.0 = Debug|Any CPU
		{6463EC64-F4A7-451B-86BC-FE00A8CAD882}.Release|Any CPU.ActiveCfg = Release|Any CPU
		{6463EC64-F4A7-451B-86BC-FE00A8CAD882}.Release|Any CPU.Build.0 = Release|Any CPU
	EndGlobalSection
	GlobalSection(SolutionProperties) = preSolution
		HideSolutionNode = FALSE
	EndGlobalSection
	GlobalSection(ExtensibilityGlobals) = postSolution
		SolutionGuid = {FCE10997-1335-431F-AB0D-A70F211DEF48}
	EndGlobalSection
EndGlobal
